
Microsoft Visual Studio Solution File, Format Version 12.00
# Visual Studio 2012
Project("{2150E333-8FDC-42A3-9474-1A3956D46DE8}") = "Sample", "Sample", "{0A24C046-9D2E-4A84-8E56-CA2EFA0466A4}"
EndProject
Project("{FAE04EC0-301F-11D3-BF4B-00C04F79EFBC}") = "WebAPICaching", "src\WebAPICaching\WebAPICaching.csproj", "{800D9C0E-B00F-4710-BBD2-7A118DB3FB23}"
EndProject
Global
	GlobalSection(SolutionConfigurationPlatforms) = preSolution
		Debug|Any CPU = Debug|Any CPU
		Release|Any CPU = Release|Any CPU
	EndGlobalSection
	GlobalSection(ProjectConfigurationPlatforms) = postSolution
		{800D9C0E-B00F-4710-BBD2-7A118DB3FB23}.Debug|Any CPU.ActiveCfg = Debug|Any CPU
		{800D9C0E-B00F-4710-BBD2-7A118DB3FB23}.Debug|Any CPU.Build.0 = Debug|Any CPU
		{800D9C0E-B00F-4710-BBD2-7A118DB3FB23}.Release|Any CPU.ActiveCfg = Release|Any CPU
		{800D9C0E-B00F-4710-BBD2-7A118DB3FB23}.Release|Any CPU.Build.0 = Release|Any CPU
	EndGlobalSection
	GlobalSection(SolutionProperties) = preSolution
		HideSolutionNode = FALSE
	EndGlobalSection
EndGlobal
