
Microsoft Visual Studio Solution File, Format Version 11.00
# Visual Studio 2010
Project("{FAE04EC0-301F-11D3-BF4B-00C04F79EFBC}") = "ExceptionFilterOrdering", "ExceptionFilterOrdering\ExceptionFilterOrdering.csproj", "{95316E37-F91D-4E60-B8D9-092E3A40481C}"
EndProject
Project("{2150E333-8FDC-42A3-9474-1A3956D46DE8}") = ".nuget", ".nuget", "{B1F4E60A-1BD2-4F5E-B975-F357908B7632}"
	ProjectSection(SolutionItems) = preProject
		.nuget\packages.config = .nuget\packages.config
	EndProjectSection
EndProject
Global
	GlobalSection(SolutionConfigurationPlatforms) = preSolution
		Debug|Any CPU = Debug|Any CPU
		Release|Any CPU = Release|Any CPU
	EndGlobalSection
	GlobalSection(ProjectConfigurationPlatforms) = postSolution
		{95316E37-F91D-4E60-B8D9-092E3A40481C}.Debug|Any CPU.ActiveCfg = Debug|Any CPU
		{95316E37-F91D-4E60-B8D9-092E3A40481C}.Debug|Any CPU.Build.0 = Debug|Any CPU
		{95316E37-F91D-4E60-B8D9-092E3A40481C}.Release|Any CPU.ActiveCfg = Release|Any CPU
		{95316E37-F91D-4E60-B8D9-092E3A40481C}.Release|Any CPU.Build.0 = Release|Any CPU
	EndGlobalSection
	GlobalSection(SolutionProperties) = preSolution
		HideSolutionNode = FALSE
	EndGlobalSection
EndGlobal
