
Microsoft Visual Studio Solution File, Format Version 12.00
# Visual Studio 2012
Project("{FAE04EC0-301F-11D3-BF4B-00C04F79EFBC}") = "ApiControllerInitializeMethodSample", "ApiControllerInitializeMethodSample\ApiControllerInitializeMethodSample.csproj", "{4D91D92E-609C-43F2-A0D6-A6EF73A4EF70}"
EndProject
Global
	GlobalSection(SolutionConfigurationPlatforms) = preSolution
		Debug|Any CPU = Debug|Any CPU
		Release|Any CPU = Release|Any CPU
	EndGlobalSection
	GlobalSection(ProjectConfigurationPlatforms) = postSolution
		{4D91D92E-609C-43F2-A0D6-A6EF73A4EF70}.Debug|Any CPU.ActiveCfg = Debug|Any CPU
		{4D91D92E-609C-43F2-A0D6-A6EF73A4EF70}.Debug|Any CPU.Build.0 = Debug|Any CPU
		{4D91D92E-609C-43F2-A0D6-A6EF73A4EF70}.Release|Any CPU.ActiveCfg = Release|Any CPU
		{4D91D92E-609C-43F2-A0D6-A6EF73A4EF70}.Release|Any CPU.Build.0 = Release|Any CPU
	EndGlobalSection
	GlobalSection(SolutionProperties) = preSolution
		HideSolutionNode = FALSE
	EndGlobalSection
EndGlobal
