
Microsoft Visual Studio Solution File, Format Version 12.00
# Visual Studio 2012
Project("{FAE04EC0-301F-11D3-BF4B-00C04F79EFBC}") = "AutofacWebAPISample", "AutofacWebAPISample\AutofacWebAPISample.csproj", "{7392C887-7FF4-41F1-8BE6-30953E34D09C}"
EndProject
Global
	GlobalSection(SolutionConfigurationPlatforms) = preSolution
		Debug|Any CPU = Debug|Any CPU
		Release|Any CPU = Release|Any CPU
	EndGlobalSection
	GlobalSection(ProjectConfigurationPlatforms) = postSolution
		{7392C887-7FF4-41F1-8BE6-30953E34D09C}.Debug|Any CPU.ActiveCfg = Debug|Any CPU
		{7392C887-7FF4-41F1-8BE6-30953E34D09C}.Debug|Any CPU.Build.0 = Debug|Any CPU
		{7392C887-7FF4-41F1-8BE6-30953E34D09C}.Release|Any CPU.ActiveCfg = Release|Any CPU
		{7392C887-7FF4-41F1-8BE6-30953E34D09C}.Release|Any CPU.Build.0 = Release|Any CPU
	EndGlobalSection
	GlobalSection(SolutionProperties) = preSolution
		HideSolutionNode = FALSE
	EndGlobalSection
EndGlobal
