
Microsoft Visual Studio Solution File, Format Version 11.00
# Visual Studio 2010
Project("{FAE04EC0-301F-11D3-BF4B-00C04F79EFBC}") = "ActionFiltersAndOrdering", "ActionFiltersAndOrdering\ActionFiltersAndOrdering.csproj", "{4AB02BBE-FC7A-4B07-8D3A-5D0353C66CB7}"
EndProject
Project("{2150E333-8FDC-42A3-9474-1A3956D46DE8}") = ".nuget", ".nuget", "{7A07E94F-C1AD-45FD-A800-C2D1DA6B55E1}"
	ProjectSection(SolutionItems) = preProject
		.nuget\packages.config = .nuget\packages.config
	EndProjectSection
EndProject
Global
	GlobalSection(SolutionConfigurationPlatforms) = preSolution
		Debug|Any CPU = Debug|Any CPU
		Release|Any CPU = Release|Any CPU
	EndGlobalSection
	GlobalSection(ProjectConfigurationPlatforms) = postSolution
		{4AB02BBE-FC7A-4B07-8D3A-5D0353C66CB7}.Debug|Any CPU.ActiveCfg = Debug|Any CPU
		{4AB02BBE-FC7A-4B07-8D3A-5D0353C66CB7}.Debug|Any CPU.Build.0 = Debug|Any CPU
		{4AB02BBE-FC7A-4B07-8D3A-5D0353C66CB7}.Release|Any CPU.ActiveCfg = Release|Any CPU
		{4AB02BBE-FC7A-4B07-8D3A-5D0353C66CB7}.Release|Any CPU.Build.0 = Release|Any CPU
	EndGlobalSection
	GlobalSection(SolutionProperties) = preSolution
		HideSolutionNode = FALSE
	EndGlobalSection
EndGlobal
