
Microsoft Visual Studio Solution File, Format Version 12.00
# Visual Studio 2012
Project("{FAE04EC0-301F-11D3-BF4B-00C04F79EFBC}") = "WebApiConneg", "WebApiConneg\WebApiConneg.csproj", "{5FD118DE-BDE3-4AC3-8535-AE57E81EA200}"
EndProject
Project("{FAE04EC0-301F-11D3-BF4B-00C04F79EFBC}") = "JsonPClient", "JsonPClient\JsonPClient.csproj", "{026DB88F-06A3-479D-8E4F-3CE9AB9DF593}"
EndProject
Global
	GlobalSection(SolutionConfigurationPlatforms) = preSolution
		Debug|Any CPU = Debug|Any CPU
		Release|Any CPU = Release|Any CPU
	EndGlobalSection
	GlobalSection(ProjectConfigurationPlatforms) = postSolution
		{026DB88F-06A3-479D-8E4F-3CE9AB9DF593}.Debug|Any CPU.ActiveCfg = Debug|Any CPU
		{026DB88F-06A3-479D-8E4F-3CE9AB9DF593}.Debug|Any CPU.Build.0 = Debug|Any CPU
		{026DB88F-06A3-479D-8E4F-3CE9AB9DF593}.Release|Any CPU.ActiveCfg = Release|Any CPU
		{026DB88F-06A3-479D-8E4F-3CE9AB9DF593}.Release|Any CPU.Build.0 = Release|Any CPU
		{5FD118DE-BDE3-4AC3-8535-AE57E81EA200}.Debug|Any CPU.ActiveCfg = Debug|Any CPU
		{5FD118DE-BDE3-4AC3-8535-AE57E81EA200}.Debug|Any CPU.Build.0 = Debug|Any CPU
		{5FD118DE-BDE3-4AC3-8535-AE57E81EA200}.Release|Any CPU.ActiveCfg = Release|Any CPU
		{5FD118DE-BDE3-4AC3-8535-AE57E81EA200}.Release|Any CPU.Build.0 = Release|Any CPU
	EndGlobalSection
	GlobalSection(SolutionProperties) = preSolution
		HideSolutionNode = FALSE
	EndGlobalSection
EndGlobal
