
Microsoft Visual Studio Solution File, Format Version 11.00
# Visual Studio 2010
Project("{FAE04EC0-301F-11D3-BF4B-00C04F79EFBC}") = "SkippedActionFilters", "SkippedActionFilters\SkippedActionFilters.csproj", "{5930033A-B59A-4C4C-96B6-E899564AC245}"
EndProject
Project("{2150E333-8FDC-42A3-9474-1A3956D46DE8}") = ".nuget", ".nuget", "{45DFBD58-9505-4AC5-8293-3A7C2E2AE7ED}"
	ProjectSection(SolutionItems) = preProject
		.nuget\packages.config = .nuget\packages.config
	EndProjectSection
EndProject
Global
	GlobalSection(SolutionConfigurationPlatforms) = preSolution
		Debug|Any CPU = Debug|Any CPU
		Release|Any CPU = Release|Any CPU
	EndGlobalSection
	GlobalSection(ProjectConfigurationPlatforms) = postSolution
		{5930033A-B59A-4C4C-96B6-E899564AC245}.Debug|Any CPU.ActiveCfg = Debug|Any CPU
		{5930033A-B59A-4C4C-96B6-E899564AC245}.Debug|Any CPU.Build.0 = Debug|Any CPU
		{5930033A-B59A-4C4C-96B6-E899564AC245}.Release|Any CPU.ActiveCfg = Release|Any CPU
		{5930033A-B59A-4C4C-96B6-E899564AC245}.Release|Any CPU.Build.0 = Release|Any CPU
	EndGlobalSection
	GlobalSection(SolutionProperties) = preSolution
		HideSolutionNode = FALSE
	EndGlobalSection
EndGlobal
